
Microsoft Visual Studio Solution File, Format Version 12.00
# Visual Studio Version 17
VisualStudioVersion = 17.5.002.0
MinimumVisualStudioVersion = 10.0.40219.1
Project("{9A19103F-16F7-4668-BE54-9A1E7A4F7556}") = "cometDodger", "cometDodger.csproj", "{9377C52E-EDC6-438B-81D0-11411CADED4C}"
EndProject
Global
	GlobalSection(SolutionConfigurationPlatforms) = preSolution
		Debug|Any CPU = Debug|Any CPU
		Release|Any CPU = Release|Any CPU
	EndGlobalSection
	GlobalSection(ProjectConfigurationPlatforms) = postSolution
		{9377C52E-EDC6-438B-81D0-11411CADED4C}.Debug|Any CPU.ActiveCfg = Debug|Any CPU
		{9377C52E-EDC6-438B-81D0-11411CADED4C}.Debug|Any CPU.Build.0 = Debug|Any CPU
		{9377C52E-EDC6-438B-81D0-11411CADED4C}.Release|Any CPU.ActiveCfg = Release|Any CPU
		{9377C52E-EDC6-438B-81D0-11411CADED4C}.Release|Any CPU.Build.0 = Release|Any CPU
	EndGlobalSection
	GlobalSection(SolutionProperties) = preSolution
		HideSolutionNode = FALSE
	EndGlobalSection
	GlobalSection(ExtensibilityGlobals) = postSolution
		SolutionGuid = {FC0E1B2B-6B30-4655-A480-4C15DB3A7800}
	EndGlobalSection
EndGlobal
